
Microsoft Visual Studio Solution File, Format Version 12.00
# Visual Studio 15
VisualStudioVersion = 15.0.28307.271
MinimumVisualStudioVersion = 10.0.40219.1
Project("{FAE04EC0-301F-11D3-BF4B-00C04F79EFBC}") = "HelloWorld", "HelloWorld\HelloWorld.csproj", "{93E58D42-E01D-41B6-8C7D-FE33560518F2}"
EndProject
Project("{FAE04EC0-301F-11D3-BF4B-00C04F79EFBC}") = "HelloWorld.Tests", "HelloWorld.Tests\HelloWorld.Tests.csproj", "{431885B0-C425-4C97-85D5-4480EB5E38F6}"
EndProject
Global
	GlobalSection(SolutionConfigurationPlatforms) = preSolution
		Debug|Any CPU = Debug|Any CPU
		Release|Any CPU = Release|Any CPU
	EndGlobalSection
	GlobalSection(ProjectConfigurationPlatforms) = postSolution
		{93E58D42-E01D-41B6-8C7D-FE33560518F2}.Debug|Any CPU.ActiveCfg = Debug|Any CPU
		{93E58D42-E01D-41B6-8C7D-FE33560518F2}.Debug|Any CPU.Build.0 = Debug|Any CPU
		{93E58D42-E01D-41B6-8C7D-FE33560518F2}.Release|Any CPU.ActiveCfg = Release|Any CPU
		{93E58D42-E01D-41B6-8C7D-FE33560518F2}.Release|Any CPU.Build.0 = Release|Any CPU
		{431885B0-C425-4C97-85D5-4480EB5E38F6}.Debug|Any CPU.ActiveCfg = Debug|Any CPU
		{431885B0-C425-4C97-85D5-4480EB5E38F6}.Debug|Any CPU.Build.0 = Debug|Any CPU
		{431885B0-C425-4C97-85D5-4480EB5E38F6}.Release|Any CPU.ActiveCfg = Release|Any CPU
		{431885B0-C425-4C97-85D5-4480EB5E38F6}.Release|Any CPU.Build.0 = Release|Any CPU
	EndGlobalSection
	GlobalSection(SolutionProperties) = preSolution
		HideSolutionNode = FALSE
	EndGlobalSection
	GlobalSection(ExtensibilityGlobals) = postSolution
		SolutionGuid = {B97AC3FE-574F-4F84-8100-42CE91521BC5}
	EndGlobalSection
EndGlobal
